
Microsoft Visual Studio Solution File, Format Version 12.00
# Visual Studio Version 17
VisualStudioVersion = 17.1.32328.378
MinimumVisualStudioVersion = 10.0.40219.1
Project("{9A19103F-16F7-4668-BE54-9A1E7A4F7556}") = "DirectoryScanner.Core", "DirectoryScanner.Core\DirectoryScanner.Core.csproj", "{EA1F99CF-ADF1-4522-BB2B-5B2E3DEAE17C}"
EndProject
Project("{9A19103F-16F7-4668-BE54-9A1E7A4F7556}") = "DirectoryScanner.Example", "DirectoryScanner.Example\DirectoryScanner.Example.csproj", "{F4AB644B-20E9-47E0-9419-1179D078A927}"
EndProject
Project("{FAE04EC0-301F-11D3-BF4B-00C04F79EFBC}") = "DirectoryScanner.WPFApplication", "DirectoryScanner.WPFApplication\DirectoryScanner.WPFApplication.csproj", "{0B69B573-800C-4136-823E-C4211D4ECA53}"
EndProject
Global
	GlobalSection(SolutionConfigurationPlatforms) = preSolution
		Debug|Any CPU = Debug|Any CPU
		Release|Any CPU = Release|Any CPU
	EndGlobalSection
	GlobalSection(ProjectConfigurationPlatforms) = postSolution
		{EA1F99CF-ADF1-4522-BB2B-5B2E3DEAE17C}.Debug|Any CPU.ActiveCfg = Debug|Any CPU
		{EA1F99CF-ADF1-4522-BB2B-5B2E3DEAE17C}.Debug|Any CPU.Build.0 = Debug|Any CPU
		{EA1F99CF-ADF1-4522-BB2B-5B2E3DEAE17C}.Release|Any CPU.ActiveCfg = Release|Any CPU
		{EA1F99CF-ADF1-4522-BB2B-5B2E3DEAE17C}.Release|Any CPU.Build.0 = Release|Any CPU
		{F4AB644B-20E9-47E0-9419-1179D078A927}.Debug|Any CPU.ActiveCfg = Debug|Any CPU
		{F4AB644B-20E9-47E0-9419-1179D078A927}.Debug|Any CPU.Build.0 = Debug|Any CPU
		{F4AB644B-20E9-47E0-9419-1179D078A927}.Release|Any CPU.ActiveCfg = Release|Any CPU
		{F4AB644B-20E9-47E0-9419-1179D078A927}.Release|Any CPU.Build.0 = Release|Any CPU
		{0B69B573-800C-4136-823E-C4211D4ECA53}.Debug|Any CPU.ActiveCfg = Debug|Any CPU
		{0B69B573-800C-4136-823E-C4211D4ECA53}.Debug|Any CPU.Build.0 = Debug|Any CPU
		{0B69B573-800C-4136-823E-C4211D4ECA53}.Release|Any CPU.ActiveCfg = Release|Any CPU
		{0B69B573-800C-4136-823E-C4211D4ECA53}.Release|Any CPU.Build.0 = Release|Any CPU
	EndGlobalSection
	GlobalSection(SolutionProperties) = preSolution
		HideSolutionNode = FALSE
	EndGlobalSection
	GlobalSection(ExtensibilityGlobals) = postSolution
		SolutionGuid = {EFADDE84-E1DE-4415-8E17-4318667A7CC6}
	EndGlobalSection
EndGlobal
